
Microsoft Visual Studio Solution File, Format Version 12.00
# Visual Studio Version 17
VisualStudioVersion = 17.12.35527.113 d17.12
MinimumVisualStudioVersion = 10.0.40219.1
Project("{FAE04EC0-301F-11D3-BF4B-00C04F79EFBC}") = "a113222031", "a113222031\a113222031.csproj", "{2280B887-1C10-43D8-9CD5-43D6336D74DD}"
EndProject
Global
	GlobalSection(SolutionConfigurationPlatforms) = preSolution
		Debug|Any CPU = Debug|Any CPU
		Release|Any CPU = Release|Any CPU
	EndGlobalSection
	GlobalSection(ProjectConfigurationPlatforms) = postSolution
		{2280B887-1C10-43D8-9CD5-43D6336D74DD}.Debug|Any CPU.ActiveCfg = Debug|Any CPU
		{2280B887-1C10-43D8-9CD5-43D6336D74DD}.Debug|Any CPU.Build.0 = Debug|Any CPU
		{2280B887-1C10-43D8-9CD5-43D6336D74DD}.Release|Any CPU.ActiveCfg = Release|Any CPU
		{2280B887-1C10-43D8-9CD5-43D6336D74DD}.Release|Any CPU.Build.0 = Release|Any CPU
	EndGlobalSection
	GlobalSection(SolutionProperties) = preSolution
		HideSolutionNode = FALSE
	EndGlobalSection
EndGlobal
